// !$*UTF8*$!
{
	archiveVersion = 1;
	classes = {
	};
	objectVersion = 50;
	objects = {

/* Begin PBXBuildFile section */
		75BC6F0E2314500C00C64D42 /* AppDelegate.swift in Sources */ = {isa = PBXBuildFile; fileRef = 75BC6F0D2314500C00C64D42 /* AppDelegate.swift */; };
		75BC6F132314500C00C64D42 /* Main.storyboard in Resources */ = {isa = PBXBuildFile; fileRef = 75BC6F112314500C00C64D42 /* Main.storyboard */; };
		75BC6F152314500D00C64D42 /* Assets.xcassets in Resources */ = {isa = PBXBuildFile; fileRef = 75BC6F142314500D00C64D42 /* Assets.xcassets */; };
		75BC6F182314500D00C64D42 /* LaunchScreen.storyboard in Resources */ = {isa = PBXBuildFile; fileRef = 75BC6F162314500D00C64D42 /* LaunchScreen.storyboard */; };
		75BC6F232314522A00C64D42 /* User.swift in Sources */ = {isa = PBXBuildFile; fileRef = 75BC6F222314522A00C64D42 /* User.swift */; };
		75BC6F252314523600C64D42 /* Course.swift in Sources */ = {isa = PBXBuildFile; fileRef = 75BC6F242314523600C64D42 /* Course.swift */; };
		9E9505A3231489CD00256BA3 /* SelectionViewController.swift in Sources */ = {isa = PBXBuildFile; fileRef = 9E9505A2231489CD00256BA3 /* SelectionViewController.swift */; };
		9E9505A523148D3200256BA3 /* ClientLoginViewController.swift in Sources */ = {isa = PBXBuildFile; fileRef = 9E9505A423148D3200256BA3 /* ClientLoginViewController.swift */; };
		9E9505A72314925A00256BA3 /* NewClientViewController.swift in Sources */ = {isa = PBXBuildFile; fileRef = 9E9505A62314925A00256BA3 /* NewClientViewController.swift */; };
		9E9505AB231492ED00256BA3 /* ForgotPasswordViewController.swift in Sources */ = {isa = PBXBuildFile; fileRef = 9E9505AA231492ED00256BA3 /* ForgotPasswordViewController.swift */; };
		9E9505AD2314933700256BA3 /* ClientLoginViewController.swift in Sources */ = {isa = PBXBuildFile; fileRef = 9E9505AC2314933600256BA3 /* ClientLoginViewController.swift */; };
		9E9505B1231493A100256BA3 /* ClientForgotPasswordViewController.swift in Sources */ = {isa = PBXBuildFile; fileRef = 9E9505B0231493A100256BA3 /* ClientForgotPasswordViewController.swift */; };
		9E9505B3231493E300256BA3 /* CourseSelectionTableViewController.swift in Sources */ = {isa = PBXBuildFile; fileRef = 9E9505B2231493E300256BA3 /* CourseSelectionTableViewController.swift */; };
		9E9505B52314967C00256BA3 /* TrainerLoginViewController.swift in Sources */ = {isa = PBXBuildFile; fileRef = 9E9505B42314967C00256BA3 /* TrainerLoginViewController.swift */; };
		9E9505B72314975D00256BA3 /* NewTrainerViewController.swift in Sources */ = {isa = PBXBuildFile; fileRef = 9E9505B62314975D00256BA3 /* NewTrainerViewController.swift */; };
		9E9505B9231497E800256BA3 /* TrainerCourseTableViewController.swift in Sources */ = {isa = PBXBuildFile; fileRef = 9E9505B8231497E800256BA3 /* TrainerCourseTableViewController.swift */; };
/* End PBXBuildFile section */

/* Begin PBXFileReference section */
		75BC6F0A2314500C00C64D42 /* AnywhereFitness.app */ = {isa = PBXFileReference; explicitFileType = wrapper.application; includeInIndex = 0; path = AnywhereFitness.app; sourceTree = BUILT_PRODUCTS_DIR; };
		75BC6F0D2314500C00C64D42 /* AppDelegate.swift */ = {isa = PBXFileReference; lastKnownFileType = sourcecode.swift; path = AppDelegate.swift; sourceTree = "<group>"; };
		75BC6F122314500C00C64D42 /* Base */ = {isa = PBXFileReference; lastKnownFileType = file.storyboard; name = Base; path = Base.lproj/Main.storyboard; sourceTree = "<group>"; };
		75BC6F142314500D00C64D42 /* Assets.xcassets */ = {isa = PBXFileReference; lastKnownFileType = folder.assetcatalog; path = Assets.xcassets; sourceTree = "<group>"; };
		75BC6F172314500D00C64D42 /* Base */ = {isa = PBXFileReference; lastKnownFileType = file.storyboard; name = Base; path = Base.lproj/LaunchScreen.storyboard; sourceTree = "<group>"; };
		75BC6F192314500D00C64D42 /* Info.plist */ = {isa = PBXFileReference; lastKnownFileType = text.plist.xml; path = Info.plist; sourceTree = "<group>"; };
		75BC6F222314522A00C64D42 /* User.swift */ = {isa = PBXFileReference; lastKnownFileType = sourcecode.swift; path = User.swift; sourceTree = "<group>"; };
		75BC6F242314523600C64D42 /* Course.swift */ = {isa = PBXFileReference; lastKnownFileType = sourcecode.swift; path = Course.swift; sourceTree = "<group>"; };
		9E9505A2231489CD00256BA3 /* SelectionViewController.swift */ = {isa = PBXFileReference; lastKnownFileType = sourcecode.swift; name = SelectionViewController.swift; path = AnywhereFitness/SelectionViewController.swift; sourceTree = SOURCE_ROOT; };
		9E9505A423148D3200256BA3 /* ClientLoginViewController.swift */ = {isa = PBXFileReference; lastKnownFileType = sourcecode.swift; name = ClientLoginViewController.swift; path = AnywhereFitness/ClientLoginViewController.swift; sourceTree = SOURCE_ROOT; };
		9E9505A62314925A00256BA3 /* NewClientViewController.swift */ = {isa = PBXFileReference; lastKnownFileType = sourcecode.swift; path = NewClientViewController.swift; sourceTree = "<group>"; };
		9E9505AA231492ED00256BA3 /* ForgotPasswordViewController.swift */ = {isa = PBXFileReference; lastKnownFileType = sourcecode.swift; path = ForgotPasswordViewController.swift; sourceTree = "<group>"; };
		9E9505AC2314933600256BA3 /* ClientLoginViewController.swift */ = {isa = PBXFileReference; lastKnownFileType = sourcecode.swift; path = ClientLoginViewController.swift; sourceTree = "<group>"; };
		9E9505B0231493A100256BA3 /* ClientForgotPasswordViewController.swift */ = {isa = PBXFileReference; lastKnownFileType = sourcecode.swift; path = ClientForgotPasswordViewController.swift; sourceTree = "<group>"; };
		9E9505B2231493E300256BA3 /* CourseSelectionTableViewController.swift */ = {isa = PBXFileReference; lastKnownFileType = sourcecode.swift; path = CourseSelectionTableViewController.swift; sourceTree = "<group>"; };
		9E9505B42314967C00256BA3 /* TrainerLoginViewController.swift */ = {isa = PBXFileReference; lastKnownFileType = sourcecode.swift; path = TrainerLoginViewController.swift; sourceTree = "<group>"; };
		9E9505B62314975D00256BA3 /* NewTrainerViewController.swift */ = {isa = PBXFileReference; lastKnownFileType = sourcecode.swift; path = NewTrainerViewController.swift; sourceTree = "<group>"; };
		9E9505B8231497E800256BA3 /* TrainerCourseTableViewController.swift */ = {isa = PBXFileReference; lastKnownFileType = sourcecode.swift; path = TrainerCourseTableViewController.swift; sourceTree = "<group>"; };
/* End PBXFileReference section */

/* Begin PBXFrameworksBuildPhase section */
		75BC6F072314500C00C64D42 /* Frameworks */ = {
			isa = PBXFrameworksBuildPhase;
			buildActionMask = 2147483647;
			files = (
			);
			runOnlyForDeploymentPostprocessing = 0;
		};
/* End PBXFrameworksBuildPhase section */

/* Begin PBXGroup section */
		75BC6F012314500C00C64D42 = {
			isa = PBXGroup;
			children = (
				75BC6F0C2314500C00C64D42 /* AnywhereFitness */,
				75BC6F0B2314500C00C64D42 /* Products */,
			);
			sourceTree = "<group>";
		};
		75BC6F0B2314500C00C64D42 /* Products */ = {
			isa = PBXGroup;
			children = (
				75BC6F0A2314500C00C64D42 /* AnywhereFitness.app */,
			);
			name = Products;
			sourceTree = "<group>";
		};
		75BC6F0C2314500C00C64D42 /* AnywhereFitness */ = {
			isa = PBXGroup;
			children = (
				75BC6F212314521100C64D42 /* ModelController */,
				75BC6F20231451DE00C64D42 /* ViewController */,
				75BC6F1F231451D400C64D42 /* Model */,
				75BC6F0D2314500C00C64D42 /* AppDelegate.swift */,
				75BC6F112314500C00C64D42 /* Main.storyboard */,
				75BC6F142314500D00C64D42 /* Assets.xcassets */,
				75BC6F162314500D00C64D42 /* LaunchScreen.storyboard */,
				75BC6F192314500D00C64D42 /* Info.plist */,
			);
			path = AnywhereFitness;
			sourceTree = "<group>";
		};
		75BC6F1F231451D400C64D42 /* Model */ = {
			isa = PBXGroup;
			children = (
				75BC6F222314522A00C64D42 /* User.swift */,
				75BC6F242314523600C64D42 /* Course.swift */,
			);
			path = Model;
			sourceTree = "<group>";
		};
		75BC6F20231451DE00C64D42 /* ViewController */ = {
			isa = PBXGroup;
			children = (
				9E9505A2231489CD00256BA3 /* SelectionViewController.swift */,
				9E9505A423148D3200256BA3 /* ClientLoginViewController.swift */,
				9E9505A62314925A00256BA3 /* NewClientViewController.swift */,
				9E9505AC2314933600256BA3 /* ClientLoginViewController.swift */,
				9E9505AA231492ED00256BA3 /* ForgotPasswordViewController.swift */,
				9E9505B0231493A100256BA3 /* ClientForgotPasswordViewController.swift */,
				9E9505B42314967C00256BA3 /* TrainerLoginViewController.swift */,
				9E9505B62314975D00256BA3 /* NewTrainerViewController.swift */,
			);
			path = ViewController;
			sourceTree = "<group>";
		};
		75BC6F212314521100C64D42 /* ModelController */ = {
			isa = PBXGroup;
			children = (
				9E9505B2231493E300256BA3 /* CourseSelectionTableViewController.swift */,
				9E9505B8231497E800256BA3 /* TrainerCourseTableViewController.swift */,
			);
			path = ModelController;
			sourceTree = "<group>";
		};
/* End PBXGroup section */

/* Begin PBXNativeTarget section */
		75BC6F092314500C00C64D42 /* AnywhereFitness */ = {
			isa = PBXNativeTarget;
			buildConfigurationList = 75BC6F1C2314500D00C64D42 /* Build configuration list for PBXNativeTarget "AnywhereFitness" */;
			buildPhases = (
				75BC6F062314500C00C64D42 /* Sources */,
				75BC6F072314500C00C64D42 /* Frameworks */,
				75BC6F082314500C00C64D42 /* Resources */,
			);
			buildRules = (
			);
			dependencies = (
			);
			name = AnywhereFitness;
			productName = AnywhereFitness;
			productReference = 75BC6F0A2314500C00C64D42 /* AnywhereFitness.app */;
			productType = "com.apple.product-type.application";
		};
/* End PBXNativeTarget section */

/* Begin PBXProject section */
		75BC6F022314500C00C64D42 /* Project object */ = {
			isa = PBXProject;
			attributes = {
				LastSwiftUpdateCheck = 1030;
				LastUpgradeCheck = 1030;
				ORGANIZATIONNAME = bradleyyin;
				TargetAttributes = {
					75BC6F092314500C00C64D42 = {
						CreatedOnToolsVersion = 10.3;
					};
				};
			};
			buildConfigurationList = 75BC6F052314500C00C64D42 /* Build configuration list for PBXProject "AnywhereFitness" */;
			compatibilityVersion = "Xcode 9.3";
			developmentRegion = en;
			hasScannedForEncodings = 0;
			knownRegions = (
				en,
				Base,
			);
			mainGroup = 75BC6F012314500C00C64D42;
			productRefGroup = 75BC6F0B2314500C00C64D42 /* Products */;
			projectDirPath = "";
			projectRoot = "";
			targets = (
				75BC6F092314500C00C64D42 /* AnywhereFitness */,
			);
		};
/* End PBXProject section */

/* Begin PBXResourcesBuildPhase section */
		75BC6F082314500C00C64D42 /* Resources */ = {
			isa = PBXResourcesBuildPhase;
			buildActionMask = 2147483647;
			files = (
				75BC6F182314500D00C64D42 /* LaunchScreen.storyboard in Resources */,
				75BC6F152314500D00C64D42 /* Assets.xcassets in Resources */,
				75BC6F132314500C00C64D42 /* Main.storyboard in Resources */,
			);
			runOnlyForDeploymentPostprocessing = 0;
		};
/* End PBXResourcesBuildPhase section */

/* Begin PBXSourcesBuildPhase section */
		75BC6F062314500C00C64D42 /* Sources */ = {
			isa = PBXSourcesBuildPhase;
			buildActionMask = 2147483647;
			files = (
				9E9505AB231492ED00256BA3 /* ForgotPasswordViewController.swift in Sources */,
				9E9505B3231493E300256BA3 /* CourseSelectionTableViewController.swift in Sources */,
				9E9505AD2314933700256BA3 /* ClientLoginViewController.swift in Sources */,
				9E9505B72314975D00256BA3 /* NewTrainerViewController.swift in Sources */,
				9E9505B52314967C00256BA3 /* TrainerLoginViewController.swift in Sources */,
				9E9505A72314925A00256BA3 /* NewClientViewController.swift in Sources */,
				9E9505B9231497E800256BA3 /* TrainerCourseTableViewController.swift in Sources */,
				75BC6F252314523600C64D42 /* Course.swift in Sources */,
				9E9505A523148D3200256BA3 /* ClientLoginViewController.swift in Sources */,
				9E9505A3231489CD00256BA3 /* SelectionViewController.swift in Sources */,
				9E9505B1231493A100256BA3 /* ClientForgotPasswordViewController.swift in Sources */,
				75BC6F0E2314500C00C64D42 /* AppDelegate.swift in Sources */,
				75BC6F232314522A00C64D42 /* User.swift in Sources */,
			);
			runOnlyForDeploymentPostprocessing = 0;
		};
/* End PBXSourcesBuildPhase section */

/* Begin PBXVariantGroup section */
		75BC6F112314500C00C64D42 /* Main.storyboard */ = {
			isa = PBXVariantGroup;
			children = (
				75BC6F122314500C00C64D42 /* Base */,
			);
			name = Main.storyboard;
			sourceTree = "<group>";
		};
		75BC6F162314500D00C64D42 /* LaunchScreen.storyboard */ = {
			isa = PBXVariantGroup;
			children = (
				75BC6F172314500D00C64D42 /* Base */,
			);
			name = LaunchScreen.storyboard;
			sourceTree = "<group>";
		};
/* End PBXVariantGroup section */

/* Begin XCBuildConfiguration section */
		75BC6F1A2314500D00C64D42 /* Debug */ = {
			isa = XCBuildConfiguration;
			buildSettings = {
				ALWAYS_SEARCH_USER_PATHS = NO;
				CLANG_ANALYZER_NONNULL = YES;
				CLANG_ANALYZER_NUMBER_OBJECT_CONVERSION = YES_AGGRESSIVE;
				CLANG_CXX_LANGUAGE_STANDARD = "gnu++14";
				CLANG_CXX_LIBRARY = "libc++";
				CLANG_ENABLE_MODULES = YES;
				CLANG_ENABLE_OBJC_ARC = YES;
				CLANG_ENABLE_OBJC_WEAK = YES;
				CLANG_WARN_BLOCK_CAPTURE_AUTORELEASING = YES;
				CLANG_WARN_BOOL_CONVERSION = YES;
				CLANG_WARN_COMMA = YES;
				CLANG_WARN_CONSTANT_CONVERSION = YES;
				CLANG_WARN_DEPRECATED_OBJC_IMPLEMENTATIONS = YES;
				CLANG_WARN_DIRECT_OBJC_ISA_USAGE = YES_ERROR;
				CLANG_WARN_DOCUMENTATION_COMMENTS = YES;
				CLANG_WARN_EMPTY_BODY = YES;
				CLANG_WARN_ENUM_CONVERSION = YES;
				CLANG_WARN_INFINITE_RECURSION = YES;
				CLANG_WARN_INT_CONVERSION = YES;
				CLANG_WARN_NON_LITERAL_NULL_CONVERSION = YES;
				CLANG_WARN_OBJC_IMPLICIT_RETAIN_SELF = YES;
				CLANG_WARN_OBJC_LITERAL_CONVERSION = YES;
				CLANG_WARN_OBJC_ROOT_CLASS = YES_ERROR;
				CLANG_WARN_RANGE_LOOP_ANALYSIS = YES;
				CLANG_WARN_STRICT_PROTOTYPES = YES;
				CLANG_WARN_SUSPICIOUS_MOVE = YES;
				CLANG_WARN_UNGUARDED_AVAILABILITY = YES_AGGRESSIVE;
				CLANG_WARN_UNREACHABLE_CODE = YES;
				CLANG_WARN__DUPLICATE_METHOD_MATCH = YES;
				CODE_SIGN_IDENTITY = "iPhone Developer";
				COPY_PHASE_STRIP = NO;
				DEBUG_INFORMATION_FORMAT = dwarf;
				ENABLE_STRICT_OBJC_MSGSEND = YES;
				ENABLE_TESTABILITY = YES;
				GCC_C_LANGUAGE_STANDARD = gnu11;
				GCC_DYNAMIC_NO_PIC = NO;
				GCC_NO_COMMON_BLOCKS = YES;
				GCC_OPTIMIZATION_LEVEL = 0;
				GCC_PREPROCESSOR_DEFINITIONS = (
					"DEBUG=1",
					"$(inherited)",
				);
				GCC_WARN_64_TO_32_BIT_CONVERSION = YES;
				GCC_WARN_ABOUT_RETURN_TYPE = YES_ERROR;
				GCC_WARN_UNDECLARED_SELECTOR = YES;
				GCC_WARN_UNINITIALIZED_AUTOS = YES_AGGRESSIVE;
				GCC_WARN_UNUSED_FUNCTION = YES;
				GCC_WARN_UNUSED_VARIABLE = YES;
				IPHONEOS_DEPLOYMENT_TARGET = 12.4;
				MTL_ENABLE_DEBUG_INFO = INCLUDE_SOURCE;
				MTL_FAST_MATH = YES;
				ONLY_ACTIVE_ARCH = YES;
				SDKROOT = iphoneos;
				SWIFT_ACTIVE_COMPILATION_CONDITIONS = DEBUG;
				SWIFT_OPTIMIZATION_LEVEL = "-Onone";
			};
			name = Debug;
		};
		75BC6F1B2314500D00C64D42 /* Release */ = {
			isa = XCBuildConfiguration;
			buildSettings = {
				ALWAYS_SEARCH_USER_PATHS = NO;
				CLANG_ANALYZER_NONNULL = YES;
				CLANG_ANALYZER_NUMBER_OBJECT_CONVERSION = YES_AGGRESSIVE;
				CLANG_CXX_LANGUAGE_STANDARD = "gnu++14";
				CLANG_CXX_LIBRARY = "libc++";
				CLANG_ENABLE_MODULES = YES;
				CLANG_ENABLE_OBJC_ARC = YES;
				CLANG_ENABLE_OBJC_WEAK = YES;
				CLANG_WARN_BLOCK_CAPTURE_AUTORELEASING = YES;
				CLANG_WARN_BOOL_CONVERSION = YES;
				CLANG_WARN_COMMA = YES;
				CLANG_WARN_CONSTANT_CONVERSION = YES;
				CLANG_WARN_DEPRECATED_OBJC_IMPLEMENTATIONS = YES;
				CLANG_WARN_DIRECT_OBJC_ISA_USAGE = YES_ERROR;
				CLANG_WARN_DOCUMENTATION_COMMENTS = YES;
				CLANG_WARN_EMPTY_BODY = YES;
				CLANG_WARN_ENUM_CONVERSION = YES;
				CLANG_WARN_INFINITE_RECURSION = YES;
				CLANG_WARN_INT_CONVERSION = YES;
				CLANG_WARN_NON_LITERAL_NULL_CONVERSION = YES;
				CLANG_WARN_OBJC_IMPLICIT_RETAIN_SELF = YES;
				CLANG_WARN_OBJC_LITERAL_CONVERSION = YES;
				CLANG_WARN_OBJC_ROOT_CLASS = YES_ERROR;
				CLANG_WARN_RANGE_LOOP_ANALYSIS = YES;
				CLANG_WARN_STRICT_PROTOTYPES = YES;
				CLANG_WARN_SUSPICIOUS_MOVE = YES;
				CLANG_WARN_UNGUARDED_AVAILABILITY = YES_AGGRESSIVE;
				CLANG_WARN_UNREACHABLE_CODE = YES;
				CLANG_WARN__DUPLICATE_METHOD_MATCH = YES;
				CODE_SIGN_IDENTITY = "iPhone Developer";
				COPY_PHASE_STRIP = NO;
				DEBUG_INFORMATION_FORMAT = "dwarf-with-dsym";
				ENABLE_NS_ASSERTIONS = NO;
				ENABLE_STRICT_OBJC_MSGSEND = YES;
				GCC_C_LANGUAGE_STANDARD = gnu11;
				GCC_NO_COMMON_BLOCKS = YES;
				GCC_WARN_64_TO_32_BIT_CONVERSION = YES;
				GCC_WARN_ABOUT_RETURN_TYPE = YES_ERROR;
				GCC_WARN_UNDECLARED_SELECTOR = YES;
				GCC_WARN_UNINITIALIZED_AUTOS = YES_AGGRESSIVE;
				GCC_WARN_UNUSED_FUNCTION = YES;
				GCC_WARN_UNUSED_VARIABLE = YES;
				IPHONEOS_DEPLOYMENT_TARGET = 12.4;
				MTL_ENABLE_DEBUG_INFO = NO;
				MTL_FAST_MATH = YES;
				SDKROOT = iphoneos;
				SWIFT_COMPILATION_MODE = wholemodule;
				SWIFT_OPTIMIZATION_LEVEL = "-O";
				VALIDATE_PRODUCT = YES;
			};
			name = Release;
		};
		75BC6F1D2314500D00C64D42 /* Debug */ = {
			isa = XCBuildConfiguration;
			buildSettings = {
				ASSETCATALOG_COMPILER_APPICON_NAME = AppIcon;
				CODE_SIGN_STYLE = Automatic;
				DEVELOPMENT_TEAM = 8367QTYVY6;
				INFOPLIST_FILE = AnywhereFitness/Info.plist;
				LD_RUNPATH_SEARCH_PATHS = (
					"$(inherited)",
					"@executable_path/Frameworks",
				);
				PRODUCT_BUNDLE_IDENTIFIER = com.bradleyyin.AnywhereFitness;
				PRODUCT_NAME = "$(TARGET_NAME)";
				SWIFT_VERSION = 5.0;
				TARGETED_DEVICE_FAMILY = "1,2";
			};
			name = Debug;
		};
		75BC6F1E2314500D00C64D42 /* Release */ = {
			isa = XCBuildConfiguration;
			buildSettings = {
				ASSETCATALOG_COMPILER_APPICON_NAME = AppIcon;
				CODE_SIGN_STYLE = Automatic;
				DEVELOPMENT_TEAM = 8367QTYVY6;
				INFOPLIST_FILE = AnywhereFitness/Info.plist;
				LD_RUNPATH_SEARCH_PATHS = (
					"$(inherited)",
					"@executable_path/Frameworks",
				);
				PRODUCT_BUNDLE_IDENTIFIER = com.bradleyyin.AnywhereFitness;
				PRODUCT_NAME = "$(TARGET_NAME)";
				SWIFT_VERSION = 5.0;
				TARGETED_DEVICE_FAMILY = "1,2";
			};
			name = Release;
		};
/* End XCBuildConfiguration section */

/* Begin XCConfigurationList section */
		75BC6F052314500C00C64D42 /* Build configuration list for PBXProject "AnywhereFitness" */ = {
			isa = XCConfigurationList;
			buildConfigurations = (
				75BC6F1A2314500D00C64D42 /* Debug */,
				75BC6F1B2314500D00C64D42 /* Release */,
			);
			defaultConfigurationIsVisible = 0;
			defaultConfigurationName = Release;
		};
		75BC6F1C2314500D00C64D42 /* Build configuration list for PBXNativeTarget "AnywhereFitness" */ = {
			isa = XCConfigurationList;
			buildConfigurations = (
				75BC6F1D2314500D00C64D42 /* Debug */,
				75BC6F1E2314500D00C64D42 /* Release */,
			);
			defaultConfigurationIsVisible = 0;
			defaultConfigurationName = Release;
		};
/* End XCConfigurationList section */
	};
	rootObject = 75BC6F022314500C00C64D42 /* Project object */;
}
